// !$*UTF8*$!
{
	archiveVersion = 1;
	classes = {
	};
	objectVersion = 46;
	objects = {

/* Begin PBXBuildFile section */
		DBA57DAB16A5FF9B009C1E7F /* UIKit.framework in Frameworks */ = {isa = PBXBuildFile; fileRef = DBA57DAA16A5FF9B009C1E7F /* UIKit.framework */; };
		DBA57DAD16A5FF9B009C1E7F /* Foundation.framework in Frameworks */ = {isa = PBXBuildFile; fileRef = DBA57DAC16A5FF9B009C1E7F /* Foundation.framework */; };
		DBA57DAF16A5FF9B009C1E7F /* CoreGraphics.framework in Frameworks */ = {isa = PBXBuildFile; fileRef = DBA57DAE16A5FF9B009C1E7F /* CoreGraphics.framework */; };
		DBA57DB516A5FF9B009C1E7F /* InfoPlist.strings in Resources */ = {isa = PBXBuildFile; fileRef = DBA57DB316A5FF9B009C1E7F /* InfoPlist.strings */; };
		DBA57DB716A5FF9B009C1E7F /* main.m in Sources */ = {isa = PBXBuildFile; fileRef = DBA57DB616A5FF9B009C1E7F /* main.m */; };
		DBA57DBB16A5FF9B009C1E7F /* AppDelegate.m in Sources */ = {isa = PBXBuildFile; fileRef = DBA57DBA16A5FF9B009C1E7F /* AppDelegate.m */; };
		DBA57DBD16A5FF9B009C1E7F /* Default.png in Resources */ = {isa = PBXBuildFile; fileRef = DBA57DBC16A5FF9B009C1E7F /* Default.png */; };
		DBA57DBF16A5FF9B009C1E7F /* Default@2x.png in Resources */ = {isa = PBXBuildFile; fileRef = DBA57DBE16A5FF9B009C1E7F /* Default@2x.png */; };
		DBA57DC116A5FF9B009C1E7F /* Default-568h@2x.png in Resources */ = {isa = PBXBuildFile; fileRef = DBA57DC016A5FF9B009C1E7F /* Default-568h@2x.png */; };
		DBA57DC416A5FF9B009C1E7F /* MainStoryboard.storyboard in Resources */ = {isa = PBXBuildFile; fileRef = DBA57DC216A5FF9B009C1E7F /* MainStoryboard.storyboard */; };
		DBA57DC716A5FF9B009C1E7F /* ViewController.m in Sources */ = {isa = PBXBuildFile; fileRef = DBA57DC616A5FF9B009C1E7F /* ViewController.m */; };
		DBA57DCF16A600F8009C1E7F /* ModalTableViewController.m in Sources */ = {isa = PBXBuildFile; fileRef = DBA57DCE16A600F8009C1E7F /* ModalTableViewController.m */; };
		DBA57DD216A6019C009C1E7F /* PushViewController.m in Sources */ = {isa = PBXBuildFile; fileRef = DBA57DD116A6019C009C1E7F /* PushViewController.m */; };
		DBA57DD516A60215009C1E7F /* DetailViewController.m in Sources */ = {isa = PBXBuildFile; fileRef = DBA57DD416A60215009C1E7F /* DetailViewController.m */; };
/* End PBXBuildFile section */

/* Begin PBXFileReference section */
		DBA57DA716A5FF9B009C1E7F /* StoryboardDemo.app */ = {isa = PBXFileReference; explicitFileType = wrapper.application; includeInIndex = 0; path = StoryboardDemo.app; sourceTree = BUILT_PRODUCTS_DIR; };
		DBA57DAA16A5FF9B009C1E7F /* UIKit.framework */ = {isa = PBXFileReference; lastKnownFileType = wrapper.framework; name = UIKit.framework; path = System/Library/Frameworks/UIKit.framework; sourceTree = SDKROOT; };
		DBA57DAC16A5FF9B009C1E7F /* Foundation.framework */ = {isa = PBXFileReference; lastKnownFileType = wrapper.framework; name = Foundation.framework; path = System/Library/Frameworks/Foundation.framework; sourceTree = SDKROOT; };
		DBA57DAE16A5FF9B009C1E7F /* CoreGraphics.framework */ = {isa = PBXFileReference; lastKnownFileType = wrapper.framework; name = CoreGraphics.framework; path = System/Library/Frameworks/CoreGraphics.framework; sourceTree = SDKROOT; };
		DBA57DB216A5FF9B009C1E7F /* StoryboardDemo-Info.plist */ = {isa = PBXFileReference; lastKnownFileType = text.plist.xml; path = "StoryboardDemo-Info.plist"; sourceTree = "<group>"; };
		DBA57DB416A5FF9B009C1E7F /* en */ = {isa = PBXFileReference; lastKnownFileType = text.plist.strings; name = en; path = en.lproj/InfoPlist.strings; sourceTree = "<group>"; };
		DBA57DB616A5FF9B009C1E7F /* main.m */ = {isa = PBXFileReference; lastKnownFileType = sourcecode.c.objc; path = main.m; sourceTree = "<group>"; };
		DBA57DB816A5FF9B009C1E7F /* StoryboardDemo-Prefix.pch */ = {isa = PBXFileReference; lastKnownFileType = sourcecode.c.h; path = "StoryboardDemo-Prefix.pch"; sourceTree = "<group>"; };
		DBA57DB916A5FF9B009C1E7F /* AppDelegate.h */ = {isa = PBXFileReference; lastKnownFileType = sourcecode.c.h; path = AppDelegate.h; sourceTree = "<group>"; };
		DBA57DBA16A5FF9B009C1E7F /* AppDelegate.m */ = {isa = PBXFileReference; lastKnownFileType = sourcecode.c.objc; path = AppDelegate.m; sourceTree = "<group>"; };
		DBA57DBC16A5FF9B009C1E7F /* Default.png */ = {isa = PBXFileReference; lastKnownFileType = image.png; path = Default.png; sourceTree = "<group>"; };
		DBA57DBE16A5FF9B009C1E7F /* Default@2x.png */ = {isa = PBXFileReference; lastKnownFileType = image.png; path = "Default@2x.png"; sourceTree = "<group>"; };
		DBA57DC016A5FF9B009C1E7F /* Default-568h@2x.png */ = {isa = PBXFileReference; lastKnownFileType = image.png; path = "Default-568h@2x.png"; sourceTree = "<group>"; };
		DBA57DC316A5FF9B009C1E7F /* en */ = {isa = PBXFileReference; lastKnownFileType = file.storyboard; name = en; path = en.lproj/MainStoryboard.storyboard; sourceTree = "<group>"; };
		DBA57DC516A5FF9B009C1E7F /* ViewController.h */ = {isa = PBXFileReference; lastKnownFileType = sourcecode.c.h; path = ViewController.h; sourceTree = "<group>"; };
		DBA57DC616A5FF9B009C1E7F /* ViewController.m */ = {isa = PBXFileReference; lastKnownFileType = sourcecode.c.objc; path = ViewController.m; sourceTree = "<group>"; };
		DBA57DCD16A600F8009C1E7F /* ModalTableViewController.h */ = {isa = PBXFileReference; fileEncoding = 4; lastKnownFileType = sourcecode.c.h; path = ModalTableViewController.h; sourceTree = "<group>"; };
		DBA57DCE16A600F8009C1E7F /* ModalTableViewController.m */ = {isa = PBXFileReference; fileEncoding = 4; lastKnownFileType = sourcecode.c.objc; path = ModalTableViewController.m; sourceTree = "<group>"; };
		DBA57DD016A6019C009C1E7F /* PushViewController.h */ = {isa = PBXFileReference; fileEncoding = 4; lastKnownFileType = sourcecode.c.h; path = PushViewController.h; sourceTree = "<group>"; };
		DBA57DD116A6019C009C1E7F /* PushViewController.m */ = {isa = PBXFileReference; fileEncoding = 4; lastKnownFileType = sourcecode.c.objc; path = PushViewController.m; sourceTree = "<group>"; };
		DBA57DD316A60215009C1E7F /* DetailViewController.h */ = {isa = PBXFileReference; fileEncoding = 4; lastKnownFileType = sourcecode.c.h; path = DetailViewController.h; sourceTree = "<group>"; };
		DBA57DD416A60215009C1E7F /* DetailViewController.m */ = {isa = PBXFileReference; fileEncoding = 4; lastKnownFileType = sourcecode.c.objc; path = DetailViewController.m; sourceTree = "<group>"; };
/* End PBXFileReference section */

/* Begin PBXFrameworksBuildPhase section */
		DBA57DA416A5FF9B009C1E7F /* Frameworks */ = {
			isa = PBXFrameworksBuildPhase;
			buildActionMask = 2147483647;
			files = (
				DBA57DAB16A5FF9B009C1E7F /* UIKit.framework in Frameworks */,
				DBA57DAD16A5FF9B009C1E7F /* Foundation.framework in Frameworks */,
				DBA57DAF16A5FF9B009C1E7F /* CoreGraphics.framework in Frameworks */,
			);
			runOnlyForDeploymentPostprocessing = 0;
		};
/* End PBXFrameworksBuildPhase section */

/* Begin PBXGroup section */
		DBA57D9E16A5FF9B009C1E7F = {
			isa = PBXGroup;
			children = (
				DBA57DB016A5FF9B009C1E7F /* StoryboardDemo */,
				DBA57DA916A5FF9B009C1E7F /* Frameworks */,
				DBA57DA816A5FF9B009C1E7F /* Products */,
			);
			sourceTree = "<group>";
		};
		DBA57DA816A5FF9B009C1E7F /* Products */ = {
			isa = PBXGroup;
			children = (
				DBA57DA716A5FF9B009C1E7F /* StoryboardDemo.app */,
			);
			name = Products;
			sourceTree = "<group>";
		};
		DBA57DA916A5FF9B009C1E7F /* Frameworks */ = {
			isa = PBXGroup;
			children = (
				DBA57DAA16A5FF9B009C1E7F /* UIKit.framework */,
				DBA57DAC16A5FF9B009C1E7F /* Foundation.framework */,
				DBA57DAE16A5FF9B009C1E7F /* CoreGraphics.framework */,
			);
			name = Frameworks;
			sourceTree = "<group>";
		};
		DBA57DB016A5FF9B009C1E7F /* StoryboardDemo */ = {
			isa = PBXGroup;
			children = (
				DBA57DB916A5FF9B009C1E7F /* AppDelegate.h */,
				DBA57DBA16A5FF9B009C1E7F /* AppDelegate.m */,
				DBA57DD616A6021B009C1E7F /* ViewControllers */,
				DBA57DD716A60223009C1E7F /* Interfaces */,
				DBA57DB116A5FF9B009C1E7F /* Supporting Files */,
			);
			path = StoryboardDemo;
			sourceTree = "<group>";
		};
		DBA57DB116A5FF9B009C1E7F /* Supporting Files */ = {
			isa = PBXGroup;
			children = (
				DBA57DB216A5FF9B009C1E7F /* StoryboardDemo-Info.plist */,
				DBA57DB316A5FF9B009C1E7F /* InfoPlist.strings */,
				DBA57DB616A5FF9B009C1E7F /* main.m */,
				DBA57DB816A5FF9B009C1E7F /* StoryboardDemo-Prefix.pch */,
				DBA57DBC16A5FF9B009C1E7F /* Default.png */,
				DBA57DBE16A5FF9B009C1E7F /* Default@2x.png */,
				DBA57DC016A5FF9B009C1E7F /* Default-568h@2x.png */,
			);
			name = "Supporting Files";
			sourceTree = "<group>";
		};
		DBA57DD616A6021B009C1E7F /* ViewControllers */ = {
			isa = PBXGroup;
			children = (
				DBA57DC516A5FF9B009C1E7F /* ViewController.h */,
				DBA57DC616A5FF9B009C1E7F /* ViewController.m */,
				DBA57DCD16A600F8009C1E7F /* ModalTableViewController.h */,
				DBA57DCE16A600F8009C1E7F /* ModalTableViewController.m */,
				DBA57DD016A6019C009C1E7F /* PushViewController.h */,
				DBA57DD116A6019C009C1E7F /* PushViewController.m */,
				DBA57DD316A60215009C1E7F /* DetailViewController.h */,
				DBA57DD416A60215009C1E7F /* DetailViewController.m */,
			);
			name = ViewControllers;
			sourceTree = "<group>";
		};
		DBA57DD716A60223009C1E7F /* Interfaces */ = {
			isa = PBXGroup;
			children = (
				DBA57DC216A5FF9B009C1E7F /* MainStoryboard.storyboard */,
			);
			name = Interfaces;
			sourceTree = "<group>";
		};
/* End PBXGroup section */

/* Begin PBXNativeTarget section */
		DBA57DA616A5FF9B009C1E7F /* StoryboardDemo */ = {
			isa = PBXNativeTarget;
			buildConfigurationList = DBA57DCA16A5FF9B009C1E7F /* Build configuration list for PBXNativeTarget "StoryboardDemo" */;
			buildPhases = (
				DBA57DA316A5FF9B009C1E7F /* Sources */,
				DBA57DA416A5FF9B009C1E7F /* Frameworks */,
				DBA57DA516A5FF9B009C1E7F /* Resources */,
			);
			buildRules = (
			);
			dependencies = (
			);
			name = StoryboardDemo;
			productName = StoryboardDemo;
			productReference = DBA57DA716A5FF9B009C1E7F /* StoryboardDemo.app */;
			productType = "com.apple.product-type.application";
		};
/* End PBXNativeTarget section */

/* Begin PBXProject section */
		DBA57D9F16A5FF9B009C1E7F /* Project object */ = {
			isa = PBXProject;
			attributes = {
				LastUpgradeCheck = 0460;
			};
			buildConfigurationList = DBA57DA216A5FF9B009C1E7F /* Build configuration list for PBXProject "StoryboardDemo" */;
			compatibilityVersion = "Xcode 3.2";
			developmentRegion = English;
			hasScannedForEncodings = 0;
			knownRegions = (
				en,
			);
			mainGroup = DBA57D9E16A5FF9B009C1E7F;
			productRefGroup = DBA57DA816A5FF9B009C1E7F /* Products */;
			projectDirPath = "";
			projectRoot = "";
			targets = (
				DBA57DA616A5FF9B009C1E7F /* StoryboardDemo */,
			);
		};
/* End PBXProject section */

/* Begin PBXResourcesBuildPhase section */
		DBA57DA516A5FF9B009C1E7F /* Resources */ = {
			isa = PBXResourcesBuildPhase;
			buildActionMask = 2147483647;
			files = (
				DBA57DB516A5FF9B009C1E7F /* InfoPlist.strings in Resources */,
				DBA57DBD16A5FF9B009C1E7F /* Default.png in Resources */,
				DBA57DBF16A5FF9B009C1E7F /* Default@2x.png in Resources */,
				DBA57DC116A5FF9B009C1E7F /* Default-568h@2x.png in Resources */,
				DBA57DC416A5FF9B009C1E7F /* MainStoryboard.storyboard in Resources */,
			);
			runOnlyForDeploymentPostprocessing = 0;
		};
/* End PBXResourcesBuildPhase section */

/* Begin PBXSourcesBuildPhase section */
		DBA57DA316A5FF9B009C1E7F /* Sources */ = {
			isa = PBXSourcesBuildPhase;
			buildActionMask = 2147483647;
			files = (
				DBA57DB716A5FF9B009C1E7F /* main.m in Sources */,
				DBA57DBB16A5FF9B009C1E7F /* AppDelegate.m in Sources */,
				DBA57DC716A5FF9B009C1E7F /* ViewController.m in Sources */,
				DBA57DCF16A600F8009C1E7F /* ModalTableViewController.m in Sources */,
				DBA57DD216A6019C009C1E7F /* PushViewController.m in Sources */,
				DBA57DD516A60215009C1E7F /* DetailViewController.m in Sources */,
			);
			runOnlyForDeploymentPostprocessing = 0;
		};
/* End PBXSourcesBuildPhase section */

/* Begin PBXVariantGroup section */
		DBA57DB316A5FF9B009C1E7F /* InfoPlist.strings */ = {
			isa = PBXVariantGroup;
			children = (
				DBA57DB416A5FF9B009C1E7F /* en */,
			);
			name = InfoPlist.strings;
			sourceTree = "<group>";
		};
		DBA57DC216A5FF9B009C1E7F /* MainStoryboard.storyboard */ = {
			isa = PBXVariantGroup;
			children = (
				DBA57DC316A5FF9B009C1E7F /* en */,
			);
			name = MainStoryboard.storyboard;
			sourceTree = "<group>";
		};
/* End PBXVariantGroup section */

/* Begin XCBuildConfiguration section */
		DBA57DC816A5FF9B009C1E7F /* Debug */ = {
			isa = XCBuildConfiguration;
			buildSettings = {
				ALWAYS_SEARCH_USER_PATHS = NO;
				CLANG_CXX_LANGUAGE_STANDARD = "gnu++0x";
				CLANG_CXX_LIBRARY = "libc++";
				CLANG_ENABLE_OBJC_ARC = YES;
				CLANG_WARN_CONSTANT_CONVERSION = YES;
				CLANG_WARN_EMPTY_BODY = YES;
				CLANG_WARN_ENUM_CONVERSION = YES;
				CLANG_WARN_INT_CONVERSION = YES;
				CLANG_WARN__DUPLICATE_METHOD_MATCH = YES;
				"CODE_SIGN_IDENTITY[sdk=iphoneos*]" = "iPhone Developer";
				COPY_PHASE_STRIP = NO;
				GCC_C_LANGUAGE_STANDARD = gnu99;
				GCC_DYNAMIC_NO_PIC = NO;
				GCC_OPTIMIZATION_LEVEL = 0;
				GCC_PREPROCESSOR_DEFINITIONS = (
					"DEBUG=1",
					"$(inherited)",
				);
				GCC_SYMBOLS_PRIVATE_EXTERN = NO;
				GCC_WARN_ABOUT_RETURN_TYPE = YES;
				GCC_WARN_UNINITIALIZED_AUTOS = YES;
				GCC_WARN_UNUSED_VARIABLE = YES;
				IPHONEOS_DEPLOYMENT_TARGET = 6.1;
				ONLY_ACTIVE_ARCH = YES;
				SDKROOT = iphoneos;
			};
			name = Debug;
		};
		DBA57DC916A5FF9B009C1E7F /* Release */ = {
			isa = XCBuildConfiguration;
			buildSettings = {
				ALWAYS_SEARCH_USER_PATHS = NO;
				CLANG_CXX_LANGUAGE_STANDARD = "gnu++0x";
				CLANG_CXX_LIBRARY = "libc++";
				CLANG_ENABLE_OBJC_ARC = YES;
				CLANG_WARN_CONSTANT_CONVERSION = YES;
				CLANG_WARN_EMPTY_BODY = YES;
				CLANG_WARN_ENUM_CONVERSION = YES;
				CLANG_WARN_INT_CONVERSION = YES;
				CLANG_WARN__DUPLICATE_METHOD_MATCH = YES;
				"CODE_SIGN_IDENTITY[sdk=iphoneos*]" = "iPhone Developer";
				COPY_PHASE_STRIP = YES;
				GCC_C_LANGUAGE_STANDARD = gnu99;
				GCC_WARN_ABOUT_RETURN_TYPE = YES;
				GCC_WARN_UNINITIALIZED_AUTOS = YES;
				GCC_WARN_UNUSED_VARIABLE = YES;
				IPHONEOS_DEPLOYMENT_TARGET = 6.1;
				OTHER_CFLAGS = "-DNS_BLOCK_ASSERTIONS=1";
				SDKROOT = iphoneos;
				VALIDATE_PRODUCT = YES;
			};
			name = Release;
		};
		DBA57DCB16A5FF9B009C1E7F /* Debug */ = {
			isa = XCBuildConfiguration;
			buildSettings = {
				GCC_PRECOMPILE_PREFIX_HEADER = YES;
				GCC_PREFIX_HEADER = "StoryboardDemo/StoryboardDemo-Prefix.pch";
				INFOPLIST_FILE = "StoryboardDemo/StoryboardDemo-Info.plist";
				PRODUCT_NAME = "$(TARGET_NAME)";
				WRAPPER_EXTENSION = app;
			};
			name = Debug;
		};
		DBA57DCC16A5FF9B009C1E7F /* Release */ = {
			isa = XCBuildConfiguration;
			buildSettings = {
				GCC_PRECOMPILE_PREFIX_HEADER = YES;
				GCC_PREFIX_HEADER = "StoryboardDemo/StoryboardDemo-Prefix.pch";
				INFOPLIST_FILE = "StoryboardDemo/StoryboardDemo-Info.plist";
				PRODUCT_NAME = "$(TARGET_NAME)";
				WRAPPER_EXTENSION = app;
			};
			name = Release;
		};
/* End XCBuildConfiguration section */

/* Begin XCConfigurationList section */
		DBA57DA216A5FF9B009C1E7F /* Build configuration list for PBXProject "StoryboardDemo" */ = {
			isa = XCConfigurationList;
			buildConfigurations = (
				DBA57DC816A5FF9B009C1E7F /* Debug */,
				DBA57DC916A5FF9B009C1E7F /* Release */,
			);
			defaultConfigurationIsVisible = 0;
			defaultConfigurationName = Release;
		};
		DBA57DCA16A5FF9B009C1E7F /* Build configuration list for PBXNativeTarget "StoryboardDemo" */ = {
			isa = XCConfigurationList;
			buildConfigurations = (
				DBA57DCB16A5FF9B009C1E7F /* Debug */,
				DBA57DCC16A5FF9B009C1E7F /* Release */,
			);
			defaultConfigurationIsVisible = 0;
		};
/* End XCConfigurationList section */
	};
	rootObject = DBA57D9F16A5FF9B009C1E7F /* Project object */;
}
