// !$*UTF8*$!
{
	archiveVersion = 1;
	classes = {
	};
	objectVersion = 46;
	objects = {

/* Begin PBXBuildFile section */
		DB808DDE16C3950A001ADD28 /* UIKit.framework in Frameworks */ = {isa = PBXBuildFile; fileRef = DB808DDD16C3950A001ADD28 /* UIKit.framework */; };
		DB808DE016C3950A001ADD28 /* Foundation.framework in Frameworks */ = {isa = PBXBuildFile; fileRef = DB808DDF16C3950A001ADD28 /* Foundation.framework */; };
		DB808DE216C3950A001ADD28 /* CoreGraphics.framework in Frameworks */ = {isa = PBXBuildFile; fileRef = DB808DE116C3950A001ADD28 /* CoreGraphics.framework */; };
		DB808DE816C3950A001ADD28 /* InfoPlist.strings in Resources */ = {isa = PBXBuildFile; fileRef = DB808DE616C3950A001ADD28 /* InfoPlist.strings */; };
		DB808DEA16C3950A001ADD28 /* main.m in Sources */ = {isa = PBXBuildFile; fileRef = DB808DE916C3950A001ADD28 /* main.m */; };
		DB808DEE16C3950A001ADD28 /* AppDelegate.m in Sources */ = {isa = PBXBuildFile; fileRef = DB808DED16C3950A001ADD28 /* AppDelegate.m */; };
		DB808DF016C3950A001ADD28 /* Default.png in Resources */ = {isa = PBXBuildFile; fileRef = DB808DEF16C3950A001ADD28 /* Default.png */; };
		DB808DF216C3950A001ADD28 /* Default@2x.png in Resources */ = {isa = PBXBuildFile; fileRef = DB808DF116C3950A001ADD28 /* Default@2x.png */; };
		DB808DF416C3950A001ADD28 /* Default-568h@2x.png in Resources */ = {isa = PBXBuildFile; fileRef = DB808DF316C3950A001ADD28 /* Default-568h@2x.png */; };
		DB808DF716C3950A001ADD28 /* MainStoryboard.storyboard in Resources */ = {isa = PBXBuildFile; fileRef = DB808DF516C3950A001ADD28 /* MainStoryboard.storyboard */; };
		DB808DFA16C3950A001ADD28 /* ViewController.m in Sources */ = {isa = PBXBuildFile; fileRef = DB808DF916C3950A001ADD28 /* ViewController.m */; };
		DB808E0F16C39AF4001ADD28 /* flag.png in Resources */ = {isa = PBXBuildFile; fileRef = DB808E0416C39AF4001ADD28 /* flag.png */; };
		DB808E1016C39AF4001ADD28 /* GoldenGate.png in Resources */ = {isa = PBXBuildFile; fileRef = DB808E0516C39AF4001ADD28 /* GoldenGate.png */; };
		DB808E1116C39AF4001ADD28 /* Icon-72.png in Resources */ = {isa = PBXBuildFile; fileRef = DB808E0616C39AF4001ADD28 /* Icon-72.png */; };
		DB808E1216C39AF4001ADD28 /* Icon-Small-50.png in Resources */ = {isa = PBXBuildFile; fileRef = DB808E0716C39AF4001ADD28 /* Icon-Small-50.png */; };
		DB808E1316C39AF4001ADD28 /* Icon-Small.png in Resources */ = {isa = PBXBuildFile; fileRef = DB808E0816C39AF4001ADD28 /* Icon-Small.png */; };
		DB808E1416C39AF4001ADD28 /* Icon-Small@2x.png in Resources */ = {isa = PBXBuildFile; fileRef = DB808E0916C39AF4001ADD28 /* Icon-Small@2x.png */; };
		DB808E1516C39AF4001ADD28 /* Icon.png in Resources */ = {isa = PBXBuildFile; fileRef = DB808E0A16C39AF4001ADD28 /* Icon.png */; };
		DB808E1616C39AF4001ADD28 /* Icon@2x.png in Resources */ = {isa = PBXBuildFile; fileRef = DB808E0B16C39AF4001ADD28 /* Icon@2x.png */; };
		DB808E1716C39AF4001ADD28 /* Location.png in Resources */ = {isa = PBXBuildFile; fileRef = DB808E0C16C39AF4001ADD28 /* Location.png */; };
		DB808E1816C39AF4001ADD28 /* SFIcon.png in Resources */ = {isa = PBXBuildFile; fileRef = DB808E0D16C39AF4001ADD28 /* SFIcon.png */; };
		DB808E1A16C39B1A001ADD28 /* MapKit.framework in Frameworks */ = {isa = PBXBuildFile; fileRef = DB808E1916C39B1A001ADD28 /* MapKit.framework */; };
		DB808E1B16C39D8D001ADD28 /* Annotation.m in Sources */ = {isa = PBXBuildFile; fileRef = DB808E0116C39AEB001ADD28 /* Annotation.m */; };
		DB808E2216C5A4EC001ADD28 /* MapViewController.m in Sources */ = {isa = PBXBuildFile; fileRef = DB808E2116C5A4EB001ADD28 /* MapViewController.m */; };
		DBF4B66116C635120015A6BD /* CameraOverlay.xib in Resources */ = {isa = PBXBuildFile; fileRef = DBF4B66016C635120015A6BD /* CameraOverlay.xib */; };
		DBF4B66416C638090015A6BD /* CameraOverlay.m in Sources */ = {isa = PBXBuildFile; fileRef = DBF4B66316C638090015A6BD /* CameraOverlay.m */; };
		DBF4B66916C70FAF0015A6BD /* Avatar.png in Resources */ = {isa = PBXBuildFile; fileRef = DBF4B66816C70FAF0015A6BD /* Avatar.png */; };
		DBF4B67016C712310015A6BD /* Stars_0.png in Resources */ = {isa = PBXBuildFile; fileRef = DBF4B66A16C712310015A6BD /* Stars_0.png */; };
		DBF4B67116C712310015A6BD /* Stars_1.png in Resources */ = {isa = PBXBuildFile; fileRef = DBF4B66B16C712310015A6BD /* Stars_1.png */; };
		DBF4B67216C712310015A6BD /* Stars_2.png in Resources */ = {isa = PBXBuildFile; fileRef = DBF4B66C16C712310015A6BD /* Stars_2.png */; };
		DBF4B67316C712310015A6BD /* Stars_3.png in Resources */ = {isa = PBXBuildFile; fileRef = DBF4B66D16C712310015A6BD /* Stars_3.png */; };
		DBF4B67416C712310015A6BD /* Stars_4.png in Resources */ = {isa = PBXBuildFile; fileRef = DBF4B66E16C712310015A6BD /* Stars_4.png */; };
		DBF4B67516C712310015A6BD /* Stars_5.png in Resources */ = {isa = PBXBuildFile; fileRef = DBF4B66F16C712310015A6BD /* Stars_5.png */; };
		DBF4B67B16C785980015A6BD /* ARView.m in Sources */ = {isa = PBXBuildFile; fileRef = DBF4B67A16C785980015A6BD /* ARView.m */; };
		DBF4B67E16C785BB0015A6BD /* PlaceOfInterest.m in Sources */ = {isa = PBXBuildFile; fileRef = DBF4B67D16C785BB0015A6BD /* PlaceOfInterest.m */; };
		DBF4B68116C785EC0015A6BD /* CoreLocation.framework in Frameworks */ = {isa = PBXBuildFile; fileRef = DBF4B68016C785EB0015A6BD /* CoreLocation.framework */; };
		DBF4B68316C785F00015A6BD /* QuartzCore.framework in Frameworks */ = {isa = PBXBuildFile; fileRef = DBF4B68216C785F00015A6BD /* QuartzCore.framework */; };
		DBF4B68516C785F70015A6BD /* AssetsLibrary.framework in Frameworks */ = {isa = PBXBuildFile; fileRef = DBF4B68416C785F70015A6BD /* AssetsLibrary.framework */; };
		DBF4B68716C785FB0015A6BD /* OpenGLES.framework in Frameworks */ = {isa = PBXBuildFile; fileRef = DBF4B68616C785FB0015A6BD /* OpenGLES.framework */; };
		DBF4B68916C786020015A6BD /* AVFoundation.framework in Frameworks */ = {isa = PBXBuildFile; fileRef = DBF4B68816C786010015A6BD /* AVFoundation.framework */; };
		DBF4B68B16C786070015A6BD /* CoreMotion.framework in Frameworks */ = {isa = PBXBuildFile; fileRef = DBF4B68A16C786070015A6BD /* CoreMotion.framework */; };
		DBF4B68D16C796E20015A6BD /* UserNote_Jason.png in Resources */ = {isa = PBXBuildFile; fileRef = DBF4B68C16C796E20015A6BD /* UserNote_Jason.png */; };
		DBF4B69016C7982E0015A6BD /* UserNote_Chris.png in Resources */ = {isa = PBXBuildFile; fileRef = DBF4B68E16C7982E0015A6BD /* UserNote_Chris.png */; };
		DBF4B69116C7982E0015A6BD /* UserNote_Jodi.png in Resources */ = {isa = PBXBuildFile; fileRef = DBF4B68F16C7982E0015A6BD /* UserNote_Jodi.png */; };
		DBF4B69416C891F20015A6BD /* UserProfile.m in Sources */ = {isa = PBXBuildFile; fileRef = DBF4B69316C891F20015A6BD /* UserProfile.m */; };
		DBF4B69716C893020015A6BD /* FavoriteLocation.m in Sources */ = {isa = PBXBuildFile; fileRef = DBF4B69616C893020015A6BD /* FavoriteLocation.m */; };
		DBF4B69A16D0671B0015A6BD /* MapButton.png in Resources */ = {isa = PBXBuildFile; fileRef = DBF4B69816D0671B0015A6BD /* MapButton.png */; };
		DBF4B69B16D0671B0015A6BD /* MapButton@2x.png in Resources */ = {isa = PBXBuildFile; fileRef = DBF4B69916D0671B0015A6BD /* MapButton@2x.png */; };
		DBF4B69E16D073490015A6BD /* TextInputBackground.png in Resources */ = {isa = PBXBuildFile; fileRef = DBF4B69C16D073490015A6BD /* TextInputBackground.png */; };
		DBF4B69F16D073490015A6BD /* TextInputBackground@2x.png in Resources */ = {isa = PBXBuildFile; fileRef = DBF4B69D16D073490015A6BD /* TextInputBackground@2x.png */; };
		DBF4B6A216D1BF460015A6BD /* CameraButton.png in Resources */ = {isa = PBXBuildFile; fileRef = DBF4B6A016D1BF460015A6BD /* CameraButton.png */; };
		DBF4B6A316D1BF460015A6BD /* CameraButton@2x.png in Resources */ = {isa = PBXBuildFile; fileRef = DBF4B6A116D1BF460015A6BD /* CameraButton@2x.png */; };
		DBF4B6A616D1C8270015A6BD /* MapPlaceViewController.m in Sources */ = {isa = PBXBuildFile; fileRef = DBF4B6A516D1C8270015A6BD /* MapPlaceViewController.m */; };
		DBF4B6A916D204B10015A6BD /* CheckButton.png in Resources */ = {isa = PBXBuildFile; fileRef = DBF4B6A716D204B10015A6BD /* CheckButton.png */; };
		DBF4B6AA16D204B10015A6BD /* CheckButton@2x.png in Resources */ = {isa = PBXBuildFile; fileRef = DBF4B6A816D204B10015A6BD /* CheckButton@2x.png */; };
		DBF4B6AE16D340ED0015A6BD /* Avatar_Chris.png in Resources */ = {isa = PBXBuildFile; fileRef = DBF4B6AB16D340ED0015A6BD /* Avatar_Chris.png */; };
		DBF4B6AF16D340ED0015A6BD /* Avatar_Jason.png in Resources */ = {isa = PBXBuildFile; fileRef = DBF4B6AC16D340ED0015A6BD /* Avatar_Jason.png */; };
		DBF4B6B016D340ED0015A6BD /* Avatar_Jodi.png in Resources */ = {isa = PBXBuildFile; fileRef = DBF4B6AD16D340ED0015A6BD /* Avatar_Jodi.png */; };
		DBF4B6B316D343670015A6BD /* ProfileView.m in Sources */ = {isa = PBXBuildFile; fileRef = DBF4B6B216D343670015A6BD /* ProfileView.m */; };
		DBF4B6B516D353440015A6BD /* UserNote.png in Resources */ = {isa = PBXBuildFile; fileRef = DBF4B6B416D353440015A6BD /* UserNote.png */; };
		DBF4B6B816D35EF80015A6BD /* FavoriteLocationView.m in Sources */ = {isa = PBXBuildFile; fileRef = DBF4B6B716D35EF80015A6BD /* FavoriteLocationView.m */; };
/* End PBXBuildFile section */

/* Begin PBXFileReference section */
		DB808DDA16C3950A001ADD28 /* MapFriends.app */ = {isa = PBXFileReference; explicitFileType = wrapper.application; includeInIndex = 0; path = MapFriends.app; sourceTree = BUILT_PRODUCTS_DIR; };
		DB808DDD16C3950A001ADD28 /* UIKit.framework */ = {isa = PBXFileReference; lastKnownFileType = wrapper.framework; name = UIKit.framework; path = System/Library/Frameworks/UIKit.framework; sourceTree = SDKROOT; };
		DB808DDF16C3950A001ADD28 /* Foundation.framework */ = {isa = PBXFileReference; lastKnownFileType = wrapper.framework; name = Foundation.framework; path = System/Library/Frameworks/Foundation.framework; sourceTree = SDKROOT; };
		DB808DE116C3950A001ADD28 /* CoreGraphics.framework */ = {isa = PBXFileReference; lastKnownFileType = wrapper.framework; name = CoreGraphics.framework; path = System/Library/Frameworks/CoreGraphics.framework; sourceTree = SDKROOT; };
		DB808DE516C3950A001ADD28 /* MapFriends-Info.plist */ = {isa = PBXFileReference; lastKnownFileType = text.plist.xml; path = "MapFriends-Info.plist"; sourceTree = "<group>"; };
		DB808DE716C3950A001ADD28 /* en */ = {isa = PBXFileReference; lastKnownFileType = text.plist.strings; name = en; path = en.lproj/InfoPlist.strings; sourceTree = "<group>"; };
		DB808DE916C3950A001ADD28 /* main.m */ = {isa = PBXFileReference; lastKnownFileType = sourcecode.c.objc; path = main.m; sourceTree = "<group>"; };
		DB808DEB16C3950A001ADD28 /* MapFriends-Prefix.pch */ = {isa = PBXFileReference; lastKnownFileType = sourcecode.c.h; path = "MapFriends-Prefix.pch"; sourceTree = "<group>"; };
		DB808DEC16C3950A001ADD28 /* AppDelegate.h */ = {isa = PBXFileReference; lastKnownFileType = sourcecode.c.h; path = AppDelegate.h; sourceTree = "<group>"; };
		DB808DED16C3950A001ADD28 /* AppDelegate.m */ = {isa = PBXFileReference; lastKnownFileType = sourcecode.c.objc; path = AppDelegate.m; sourceTree = "<group>"; };
		DB808DEF16C3950A001ADD28 /* Default.png */ = {isa = PBXFileReference; lastKnownFileType = image.png; path = Default.png; sourceTree = "<group>"; };
		DB808DF116C3950A001ADD28 /* Default@2x.png */ = {isa = PBXFileReference; lastKnownFileType = image.png; path = "Default@2x.png"; sourceTree = "<group>"; };
		DB808DF316C3950A001ADD28 /* Default-568h@2x.png */ = {isa = PBXFileReference; lastKnownFileType = image.png; path = "Default-568h@2x.png"; sourceTree = "<group>"; };
		DB808DF616C3950A001ADD28 /* en */ = {isa = PBXFileReference; lastKnownFileType = file.storyboard; name = en; path = en.lproj/MainStoryboard.storyboard; sourceTree = "<group>"; };
		DB808DF816C3950A001ADD28 /* ViewController.h */ = {isa = PBXFileReference; lastKnownFileType = sourcecode.c.h; path = ViewController.h; sourceTree = "<group>"; };
		DB808DF916C3950A001ADD28 /* ViewController.m */ = {isa = PBXFileReference; lastKnownFileType = sourcecode.c.objc; path = ViewController.m; sourceTree = "<group>"; };
		DB808E0016C39AEB001ADD28 /* Annotation.h */ = {isa = PBXFileReference; lastKnownFileType = sourcecode.c.h; path = Annotation.h; sourceTree = "<group>"; };
		DB808E0116C39AEB001ADD28 /* Annotation.m */ = {isa = PBXFileReference; lastKnownFileType = sourcecode.c.objc; path = Annotation.m; sourceTree = "<group>"; };
		DB808E0316C39AF4001ADD28 /* Default.png */ = {isa = PBXFileReference; lastKnownFileType = image.png; path = Default.png; sourceTree = "<group>"; };
		DB808E0416C39AF4001ADD28 /* flag.png */ = {isa = PBXFileReference; lastKnownFileType = image.png; path = flag.png; sourceTree = "<group>"; };
		DB808E0516C39AF4001ADD28 /* GoldenGate.png */ = {isa = PBXFileReference; lastKnownFileType = image.png; path = GoldenGate.png; sourceTree = "<group>"; };
		DB808E0616C39AF4001ADD28 /* Icon-72.png */ = {isa = PBXFileReference; lastKnownFileType = image.png; path = "Icon-72.png"; sourceTree = "<group>"; };
		DB808E0716C39AF4001ADD28 /* Icon-Small-50.png */ = {isa = PBXFileReference; lastKnownFileType = image.png; path = "Icon-Small-50.png"; sourceTree = "<group>"; };
		DB808E0816C39AF4001ADD28 /* Icon-Small.png */ = {isa = PBXFileReference; lastKnownFileType = image.png; path = "Icon-Small.png"; sourceTree = "<group>"; };
		DB808E0916C39AF4001ADD28 /* Icon-Small@2x.png */ = {isa = PBXFileReference; lastKnownFileType = image.png; path = "Icon-Small@2x.png"; sourceTree = "<group>"; };
		DB808E0A16C39AF4001ADD28 /* Icon.png */ = {isa = PBXFileReference; lastKnownFileType = image.png; path = Icon.png; sourceTree = "<group>"; };
		DB808E0B16C39AF4001ADD28 /* Icon@2x.png */ = {isa = PBXFileReference; lastKnownFileType = image.png; path = "Icon@2x.png"; sourceTree = "<group>"; };
		DB808E0C16C39AF4001ADD28 /* Location.png */ = {isa = PBXFileReference; lastKnownFileType = image.png; path = Location.png; sourceTree = "<group>"; };
		DB808E0D16C39AF4001ADD28 /* SFIcon.png */ = {isa = PBXFileReference; lastKnownFileType = image.png; path = SFIcon.png; sourceTree = "<group>"; };
		DB808E1916C39B1A001ADD28 /* MapKit.framework */ = {isa = PBXFileReference; lastKnownFileType = wrapper.framework; name = MapKit.framework; path = System/Library/Frameworks/MapKit.framework; sourceTree = SDKROOT; };
		DB808E2016C5A4EB001ADD28 /* MapViewController.h */ = {isa = PBXFileReference; fileEncoding = 4; lastKnownFileType = sourcecode.c.h; path = MapViewController.h; sourceTree = "<group>"; };
		DB808E2116C5A4EB001ADD28 /* MapViewController.m */ = {isa = PBXFileReference; fileEncoding = 4; lastKnownFileType = sourcecode.c.objc; path = MapViewController.m; sourceTree = "<group>"; };
		DBF4B66016C635120015A6BD /* CameraOverlay.xib */ = {isa = PBXFileReference; fileEncoding = 4; lastKnownFileType = file.xib; path = CameraOverlay.xib; sourceTree = "<group>"; };
		DBF4B66216C638090015A6BD /* CameraOverlay.h */ = {isa = PBXFileReference; fileEncoding = 4; lastKnownFileType = sourcecode.c.h; path = CameraOverlay.h; sourceTree = "<group>"; };
		DBF4B66316C638090015A6BD /* CameraOverlay.m */ = {isa = PBXFileReference; fileEncoding = 4; lastKnownFileType = sourcecode.c.objc; path = CameraOverlay.m; sourceTree = "<group>"; };
		DBF4B66816C70FAF0015A6BD /* Avatar.png */ = {isa = PBXFileReference; lastKnownFileType = image.png; path = Avatar.png; sourceTree = "<group>"; };
		DBF4B66A16C712310015A6BD /* Stars_0.png */ = {isa = PBXFileReference; lastKnownFileType = image.png; path = Stars_0.png; sourceTree = "<group>"; };
		DBF4B66B16C712310015A6BD /* Stars_1.png */ = {isa = PBXFileReference; lastKnownFileType = image.png; path = Stars_1.png; sourceTree = "<group>"; };
		DBF4B66C16C712310015A6BD /* Stars_2.png */ = {isa = PBXFileReference; lastKnownFileType = image.png; path = Stars_2.png; sourceTree = "<group>"; };
		DBF4B66D16C712310015A6BD /* Stars_3.png */ = {isa = PBXFileReference; lastKnownFileType = image.png; path = Stars_3.png; sourceTree = "<group>"; };
		DBF4B66E16C712310015A6BD /* Stars_4.png */ = {isa = PBXFileReference; lastKnownFileType = image.png; path = Stars_4.png; sourceTree = "<group>"; };
		DBF4B66F16C712310015A6BD /* Stars_5.png */ = {isa = PBXFileReference; lastKnownFileType = image.png; path = Stars_5.png; sourceTree = "<group>"; };
		DBF4B67916C785980015A6BD /* ARView.h */ = {isa = PBXFileReference; fileEncoding = 4; lastKnownFileType = sourcecode.c.h; path = ARView.h; sourceTree = "<group>"; };
		DBF4B67A16C785980015A6BD /* ARView.m */ = {isa = PBXFileReference; fileEncoding = 4; lastKnownFileType = sourcecode.c.objc; path = ARView.m; sourceTree = "<group>"; };
		DBF4B67C16C785BB0015A6BD /* PlaceOfInterest.h */ = {isa = PBXFileReference; fileEncoding = 4; lastKnownFileType = sourcecode.c.h; path = PlaceOfInterest.h; sourceTree = "<group>"; };
		DBF4B67D16C785BB0015A6BD /* PlaceOfInterest.m */ = {isa = PBXFileReference; fileEncoding = 4; lastKnownFileType = sourcecode.c.objc; path = PlaceOfInterest.m; sourceTree = "<group>"; };
		DBF4B68016C785EB0015A6BD /* CoreLocation.framework */ = {isa = PBXFileReference; lastKnownFileType = wrapper.framework; name = CoreLocation.framework; path = System/Library/Frameworks/CoreLocation.framework; sourceTree = SDKROOT; };
		DBF4B68216C785F00015A6BD /* QuartzCore.framework */ = {isa = PBXFileReference; lastKnownFileType = wrapper.framework; name = QuartzCore.framework; path = System/Library/Frameworks/QuartzCore.framework; sourceTree = SDKROOT; };
		DBF4B68416C785F70015A6BD /* AssetsLibrary.framework */ = {isa = PBXFileReference; lastKnownFileType = wrapper.framework; name = AssetsLibrary.framework; path = System/Library/Frameworks/AssetsLibrary.framework; sourceTree = SDKROOT; };
		DBF4B68616C785FB0015A6BD /* OpenGLES.framework */ = {isa = PBXFileReference; lastKnownFileType = wrapper.framework; name = OpenGLES.framework; path = System/Library/Frameworks/OpenGLES.framework; sourceTree = SDKROOT; };
		DBF4B68816C786010015A6BD /* AVFoundation.framework */ = {isa = PBXFileReference; lastKnownFileType = wrapper.framework; name = AVFoundation.framework; path = System/Library/Frameworks/AVFoundation.framework; sourceTree = SDKROOT; };
		DBF4B68A16C786070015A6BD /* CoreMotion.framework */ = {isa = PBXFileReference; lastKnownFileType = wrapper.framework; name = CoreMotion.framework; path = System/Library/Frameworks/CoreMotion.framework; sourceTree = SDKROOT; };
		DBF4B68C16C796E20015A6BD /* UserNote_Jason.png */ = {isa = PBXFileReference; lastKnownFileType = image.png; path = UserNote_Jason.png; sourceTree = "<group>"; };
		DBF4B68E16C7982E0015A6BD /* UserNote_Chris.png */ = {isa = PBXFileReference; lastKnownFileType = image.png; path = UserNote_Chris.png; sourceTree = "<group>"; };
		DBF4B68F16C7982E0015A6BD /* UserNote_Jodi.png */ = {isa = PBXFileReference; lastKnownFileType = image.png; path = UserNote_Jodi.png; sourceTree = "<group>"; };
		DBF4B69216C891F20015A6BD /* UserProfile.h */ = {isa = PBXFileReference; fileEncoding = 4; lastKnownFileType = sourcecode.c.h; path = UserProfile.h; sourceTree = "<group>"; };
		DBF4B69316C891F20015A6BD /* UserProfile.m */ = {isa = PBXFileReference; fileEncoding = 4; lastKnownFileType = sourcecode.c.objc; path = UserProfile.m; sourceTree = "<group>"; };
		DBF4B69516C893020015A6BD /* FavoriteLocation.h */ = {isa = PBXFileReference; fileEncoding = 4; lastKnownFileType = sourcecode.c.h; path = FavoriteLocation.h; sourceTree = "<group>"; };
		DBF4B69616C893020015A6BD /* FavoriteLocation.m */ = {isa = PBXFileReference; fileEncoding = 4; lastKnownFileType = sourcecode.c.objc; path = FavoriteLocation.m; sourceTree = "<group>"; };
		DBF4B69816D0671B0015A6BD /* MapButton.png */ = {isa = PBXFileReference; lastKnownFileType = image.png; path = MapButton.png; sourceTree = "<group>"; };
		DBF4B69916D0671B0015A6BD /* MapButton@2x.png */ = {isa = PBXFileReference; lastKnownFileType = image.png; path = "MapButton@2x.png"; sourceTree = "<group>"; };
		DBF4B69C16D073490015A6BD /* TextInputBackground.png */ = {isa = PBXFileReference; lastKnownFileType = image.png; path = TextInputBackground.png; sourceTree = "<group>"; };
		DBF4B69D16D073490015A6BD /* TextInputBackground@2x.png */ = {isa = PBXFileReference; lastKnownFileType = image.png; path = "TextInputBackground@2x.png"; sourceTree = "<group>"; };
		DBF4B6A016D1BF460015A6BD /* CameraButton.png */ = {isa = PBXFileReference; lastKnownFileType = image.png; path = CameraButton.png; sourceTree = "<group>"; };
		DBF4B6A116D1BF460015A6BD /* CameraButton@2x.png */ = {isa = PBXFileReference; lastKnownFileType = image.png; path = "CameraButton@2x.png"; sourceTree = "<group>"; };
		DBF4B6A416D1C8270015A6BD /* MapPlaceViewController.h */ = {isa = PBXFileReference; fileEncoding = 4; lastKnownFileType = sourcecode.c.h; path = MapPlaceViewController.h; sourceTree = "<group>"; };
		DBF4B6A516D1C8270015A6BD /* MapPlaceViewController.m */ = {isa = PBXFileReference; fileEncoding = 4; lastKnownFileType = sourcecode.c.objc; path = MapPlaceViewController.m; sourceTree = "<group>"; };
		DBF4B6A716D204B10015A6BD /* CheckButton.png */ = {isa = PBXFileReference; lastKnownFileType = image.png; path = CheckButton.png; sourceTree = "<group>"; };
		DBF4B6A816D204B10015A6BD /* CheckButton@2x.png */ = {isa = PBXFileReference; lastKnownFileType = image.png; path = "CheckButton@2x.png"; sourceTree = "<group>"; };
		DBF4B6AB16D340ED0015A6BD /* Avatar_Chris.png */ = {isa = PBXFileReference; lastKnownFileType = image.png; path = Avatar_Chris.png; sourceTree = "<group>"; };
		DBF4B6AC16D340ED0015A6BD /* Avatar_Jason.png */ = {isa = PBXFileReference; lastKnownFileType = image.png; path = Avatar_Jason.png; sourceTree = "<group>"; };
		DBF4B6AD16D340ED0015A6BD /* Avatar_Jodi.png */ = {isa = PBXFileReference; lastKnownFileType = image.png; path = Avatar_Jodi.png; sourceTree = "<group>"; };
		DBF4B6B116D343670015A6BD /* ProfileView.h */ = {isa = PBXFileReference; fileEncoding = 4; lastKnownFileType = sourcecode.c.h; path = ProfileView.h; sourceTree = "<group>"; };
		DBF4B6B216D343670015A6BD /* ProfileView.m */ = {isa = PBXFileReference; fileEncoding = 4; lastKnownFileType = sourcecode.c.objc; path = ProfileView.m; sourceTree = "<group>"; };
		DBF4B6B416D353440015A6BD /* UserNote.png */ = {isa = PBXFileReference; lastKnownFileType = image.png; path = UserNote.png; sourceTree = "<group>"; };
		DBF4B6B616D35EF70015A6BD /* FavoriteLocationView.h */ = {isa = PBXFileReference; fileEncoding = 4; lastKnownFileType = sourcecode.c.h; path = FavoriteLocationView.h; sourceTree = "<group>"; };
		DBF4B6B716D35EF80015A6BD /* FavoriteLocationView.m */ = {isa = PBXFileReference; fileEncoding = 4; lastKnownFileType = sourcecode.c.objc; path = FavoriteLocationView.m; sourceTree = "<group>"; };
/* End PBXFileReference section */

/* Begin PBXFrameworksBuildPhase section */
		DB808DD716C3950A001ADD28 /* Frameworks */ = {
			isa = PBXFrameworksBuildPhase;
			buildActionMask = 2147483647;
			files = (
				DBF4B68B16C786070015A6BD /* CoreMotion.framework in Frameworks */,
				DBF4B68916C786020015A6BD /* AVFoundation.framework in Frameworks */,
				DBF4B68716C785FB0015A6BD /* OpenGLES.framework in Frameworks */,
				DBF4B68516C785F70015A6BD /* AssetsLibrary.framework in Frameworks */,
				DBF4B68316C785F00015A6BD /* QuartzCore.framework in Frameworks */,
				DBF4B68116C785EC0015A6BD /* CoreLocation.framework in Frameworks */,
				DB808E1A16C39B1A001ADD28 /* MapKit.framework in Frameworks */,
				DB808DDE16C3950A001ADD28 /* UIKit.framework in Frameworks */,
				DB808DE016C3950A001ADD28 /* Foundation.framework in Frameworks */,
				DB808DE216C3950A001ADD28 /* CoreGraphics.framework in Frameworks */,
			);
			runOnlyForDeploymentPostprocessing = 0;
		};
/* End PBXFrameworksBuildPhase section */

/* Begin PBXGroup section */
		DB808DD116C3950A001ADD28 = {
			isa = PBXGroup;
			children = (
				DB808DE316C3950A001ADD28 /* MapFriends */,
				DB808DDC16C3950A001ADD28 /* Frameworks */,
				DB808DDB16C3950A001ADD28 /* Products */,
			);
			sourceTree = "<group>";
		};
		DB808DDB16C3950A001ADD28 /* Products */ = {
			isa = PBXGroup;
			children = (
				DB808DDA16C3950A001ADD28 /* MapFriends.app */,
			);
			name = Products;
			sourceTree = "<group>";
		};
		DB808DDC16C3950A001ADD28 /* Frameworks */ = {
			isa = PBXGroup;
			children = (
				DB808E1916C39B1A001ADD28 /* MapKit.framework */,
				DB808DDD16C3950A001ADD28 /* UIKit.framework */,
				DB808DDF16C3950A001ADD28 /* Foundation.framework */,
				DB808DE116C3950A001ADD28 /* CoreGraphics.framework */,
				DBF4B68A16C786070015A6BD /* CoreMotion.framework */,
				DBF4B68816C786010015A6BD /* AVFoundation.framework */,
				DBF4B68616C785FB0015A6BD /* OpenGLES.framework */,
				DBF4B68416C785F70015A6BD /* AssetsLibrary.framework */,
				DBF4B68216C785F00015A6BD /* QuartzCore.framework */,
				DBF4B68016C785EB0015A6BD /* CoreLocation.framework */,
			);
			name = Frameworks;
			sourceTree = "<group>";
		};
		DB808DE316C3950A001ADD28 /* MapFriends */ = {
			isa = PBXGroup;
			children = (
				DB808DEC16C3950A001ADD28 /* AppDelegate.h */,
				DB808DED16C3950A001ADD28 /* AppDelegate.m */,
				DBF4B66516C6FD760015A6BD /* ViewControllers */,
				DBF4B66716C6FD930015A6BD /* Views */,
				DBF4B67F16C785C50015A6BD /* Objects */,
				DBF4B66616C6FD850015A6BD /* Interfaces */,
				DB808E0216C39AF4001ADD28 /* images */,
				DB808DE416C3950A001ADD28 /* Supporting Files */,
			);
			path = MapFriends;
			sourceTree = "<group>";
		};
		DB808DE416C3950A001ADD28 /* Supporting Files */ = {
			isa = PBXGroup;
			children = (
				DB808DE516C3950A001ADD28 /* MapFriends-Info.plist */,
				DB808DE616C3950A001ADD28 /* InfoPlist.strings */,
				DB808DE916C3950A001ADD28 /* main.m */,
				DB808DEB16C3950A001ADD28 /* MapFriends-Prefix.pch */,
				DB808DEF16C3950A001ADD28 /* Default.png */,
				DB808DF116C3950A001ADD28 /* Default@2x.png */,
				DB808DF316C3950A001ADD28 /* Default-568h@2x.png */,
			);
			name = "Supporting Files";
			sourceTree = "<group>";
		};
		DB808E0216C39AF4001ADD28 /* images */ = {
			isa = PBXGroup;
			children = (
				DBF4B6AB16D340ED0015A6BD /* Avatar_Chris.png */,
				DBF4B6AC16D340ED0015A6BD /* Avatar_Jason.png */,
				DBF4B6AD16D340ED0015A6BD /* Avatar_Jodi.png */,
				DBF4B6A716D204B10015A6BD /* CheckButton.png */,
				DBF4B6A816D204B10015A6BD /* CheckButton@2x.png */,
				DBF4B6A016D1BF460015A6BD /* CameraButton.png */,
				DBF4B6A116D1BF460015A6BD /* CameraButton@2x.png */,
				DBF4B69C16D073490015A6BD /* TextInputBackground.png */,
				DBF4B69D16D073490015A6BD /* TextInputBackground@2x.png */,
				DBF4B69816D0671B0015A6BD /* MapButton.png */,
				DBF4B69916D0671B0015A6BD /* MapButton@2x.png */,
				DBF4B68C16C796E20015A6BD /* UserNote_Jason.png */,
				DBF4B68E16C7982E0015A6BD /* UserNote_Chris.png */,
				DBF4B68F16C7982E0015A6BD /* UserNote_Jodi.png */,
				DBF4B6B416D353440015A6BD /* UserNote.png */,
				DBF4B66A16C712310015A6BD /* Stars_0.png */,
				DBF4B66B16C712310015A6BD /* Stars_1.png */,
				DBF4B66C16C712310015A6BD /* Stars_2.png */,
				DBF4B66D16C712310015A6BD /* Stars_3.png */,
				DBF4B66E16C712310015A6BD /* Stars_4.png */,
				DBF4B66F16C712310015A6BD /* Stars_5.png */,
				DBF4B66816C70FAF0015A6BD /* Avatar.png */,
				DB808E0316C39AF4001ADD28 /* Default.png */,
				DB808E0416C39AF4001ADD28 /* flag.png */,
				DB808E0516C39AF4001ADD28 /* GoldenGate.png */,
				DB808E0616C39AF4001ADD28 /* Icon-72.png */,
				DB808E0716C39AF4001ADD28 /* Icon-Small-50.png */,
				DB808E0816C39AF4001ADD28 /* Icon-Small.png */,
				DB808E0916C39AF4001ADD28 /* Icon-Small@2x.png */,
				DB808E0A16C39AF4001ADD28 /* Icon.png */,
				DB808E0B16C39AF4001ADD28 /* Icon@2x.png */,
				DB808E0C16C39AF4001ADD28 /* Location.png */,
				DB808E0D16C39AF4001ADD28 /* SFIcon.png */,
			);
			path = images;
			sourceTree = "<group>";
		};
		DBF4B66516C6FD760015A6BD /* ViewControllers */ = {
			isa = PBXGroup;
			children = (
				DB808DF816C3950A001ADD28 /* ViewController.h */,
				DB808DF916C3950A001ADD28 /* ViewController.m */,
				DB808E2016C5A4EB001ADD28 /* MapViewController.h */,
				DB808E2116C5A4EB001ADD28 /* MapViewController.m */,
				DBF4B6A416D1C8270015A6BD /* MapPlaceViewController.h */,
				DBF4B6A516D1C8270015A6BD /* MapPlaceViewController.m */,
			);
			name = ViewControllers;
			sourceTree = "<group>";
		};
		DBF4B66616C6FD850015A6BD /* Interfaces */ = {
			isa = PBXGroup;
			children = (
				DB808DF516C3950A001ADD28 /* MainStoryboard.storyboard */,
				DBF4B66016C635120015A6BD /* CameraOverlay.xib */,
			);
			name = Interfaces;
			sourceTree = "<group>";
		};
		DBF4B66716C6FD930015A6BD /* Views */ = {
			isa = PBXGroup;
			children = (
				DBF4B66216C638090015A6BD /* CameraOverlay.h */,
				DBF4B66316C638090015A6BD /* CameraOverlay.m */,
				DBF4B67916C785980015A6BD /* ARView.h */,
				DBF4B67A16C785980015A6BD /* ARView.m */,
				DBF4B6B116D343670015A6BD /* ProfileView.h */,
				DBF4B6B216D343670015A6BD /* ProfileView.m */,
				DBF4B6B616D35EF70015A6BD /* FavoriteLocationView.h */,
				DBF4B6B716D35EF80015A6BD /* FavoriteLocationView.m */,
			);
			name = Views;
			sourceTree = "<group>";
		};
		DBF4B67F16C785C50015A6BD /* Objects */ = {
			isa = PBXGroup;
			children = (
				DB808E0016C39AEB001ADD28 /* Annotation.h */,
				DB808E0116C39AEB001ADD28 /* Annotation.m */,
				DBF4B67C16C785BB0015A6BD /* PlaceOfInterest.h */,
				DBF4B67D16C785BB0015A6BD /* PlaceOfInterest.m */,
				DBF4B69216C891F20015A6BD /* UserProfile.h */,
				DBF4B69316C891F20015A6BD /* UserProfile.m */,
				DBF4B69516C893020015A6BD /* FavoriteLocation.h */,
				DBF4B69616C893020015A6BD /* FavoriteLocation.m */,
			);
			name = Objects;
			sourceTree = "<group>";
		};
/* End PBXGroup section */

/* Begin PBXNativeTarget section */
		DB808DD916C3950A001ADD28 /* MapFriends */ = {
			isa = PBXNativeTarget;
			buildConfigurationList = DB808DFD16C3950A001ADD28 /* Build configuration list for PBXNativeTarget "MapFriends" */;
			buildPhases = (
				DB808DD616C3950A001ADD28 /* Sources */,
				DB808DD716C3950A001ADD28 /* Frameworks */,
				DB808DD816C3950A001ADD28 /* Resources */,
			);
			buildRules = (
			);
			dependencies = (
			);
			name = MapFriends;
			productName = MapFriends;
			productReference = DB808DDA16C3950A001ADD28 /* MapFriends.app */;
			productType = "com.apple.product-type.application";
		};
/* End PBXNativeTarget section */

/* Begin PBXProject section */
		DB808DD216C3950A001ADD28 /* Project object */ = {
			isa = PBXProject;
			attributes = {
				LastUpgradeCheck = 0460;
				ORGANIZATIONNAME = "Happy Maau";
			};
			buildConfigurationList = DB808DD516C3950A001ADD28 /* Build configuration list for PBXProject "MapFriends" */;
			compatibilityVersion = "Xcode 3.2";
			developmentRegion = English;
			hasScannedForEncodings = 0;
			knownRegions = (
				en,
			);
			mainGroup = DB808DD116C3950A001ADD28;
			productRefGroup = DB808DDB16C3950A001ADD28 /* Products */;
			projectDirPath = "";
			projectRoot = "";
			targets = (
				DB808DD916C3950A001ADD28 /* MapFriends */,
			);
		};
/* End PBXProject section */

/* Begin PBXResourcesBuildPhase section */
		DB808DD816C3950A001ADD28 /* Resources */ = {
			isa = PBXResourcesBuildPhase;
			buildActionMask = 2147483647;
			files = (
				DB808DE816C3950A001ADD28 /* InfoPlist.strings in Resources */,
				DB808DF016C3950A001ADD28 /* Default.png in Resources */,
				DB808DF216C3950A001ADD28 /* Default@2x.png in Resources */,
				DB808DF416C3950A001ADD28 /* Default-568h@2x.png in Resources */,
				DB808DF716C3950A001ADD28 /* MainStoryboard.storyboard in Resources */,
				DB808E0F16C39AF4001ADD28 /* flag.png in Resources */,
				DB808E1016C39AF4001ADD28 /* GoldenGate.png in Resources */,
				DB808E1116C39AF4001ADD28 /* Icon-72.png in Resources */,
				DB808E1216C39AF4001ADD28 /* Icon-Small-50.png in Resources */,
				DB808E1316C39AF4001ADD28 /* Icon-Small.png in Resources */,
				DB808E1416C39AF4001ADD28 /* Icon-Small@2x.png in Resources */,
				DB808E1516C39AF4001ADD28 /* Icon.png in Resources */,
				DB808E1616C39AF4001ADD28 /* Icon@2x.png in Resources */,
				DB808E1716C39AF4001ADD28 /* Location.png in Resources */,
				DB808E1816C39AF4001ADD28 /* SFIcon.png in Resources */,
				DBF4B66116C635120015A6BD /* CameraOverlay.xib in Resources */,
				DBF4B66916C70FAF0015A6BD /* Avatar.png in Resources */,
				DBF4B67016C712310015A6BD /* Stars_0.png in Resources */,
				DBF4B67116C712310015A6BD /* Stars_1.png in Resources */,
				DBF4B67216C712310015A6BD /* Stars_2.png in Resources */,
				DBF4B67316C712310015A6BD /* Stars_3.png in Resources */,
				DBF4B67416C712310015A6BD /* Stars_4.png in Resources */,
				DBF4B67516C712310015A6BD /* Stars_5.png in Resources */,
				DBF4B68D16C796E20015A6BD /* UserNote_Jason.png in Resources */,
				DBF4B69016C7982E0015A6BD /* UserNote_Chris.png in Resources */,
				DBF4B69116C7982E0015A6BD /* UserNote_Jodi.png in Resources */,
				DBF4B69A16D0671B0015A6BD /* MapButton.png in Resources */,
				DBF4B69B16D0671B0015A6BD /* MapButton@2x.png in Resources */,
				DBF4B69E16D073490015A6BD /* TextInputBackground.png in Resources */,
				DBF4B69F16D073490015A6BD /* TextInputBackground@2x.png in Resources */,
				DBF4B6A216D1BF460015A6BD /* CameraButton.png in Resources */,
				DBF4B6A316D1BF460015A6BD /* CameraButton@2x.png in Resources */,
				DBF4B6A916D204B10015A6BD /* CheckButton.png in Resources */,
				DBF4B6AA16D204B10015A6BD /* CheckButton@2x.png in Resources */,
				DBF4B6AE16D340ED0015A6BD /* Avatar_Chris.png in Resources */,
				DBF4B6AF16D340ED0015A6BD /* Avatar_Jason.png in Resources */,
				DBF4B6B016D340ED0015A6BD /* Avatar_Jodi.png in Resources */,
				DBF4B6B516D353440015A6BD /* UserNote.png in Resources */,
			);
			runOnlyForDeploymentPostprocessing = 0;
		};
/* End PBXResourcesBuildPhase section */

/* Begin PBXSourcesBuildPhase section */
		DB808DD616C3950A001ADD28 /* Sources */ = {
			isa = PBXSourcesBuildPhase;
			buildActionMask = 2147483647;
			files = (
				DB808DEA16C3950A001ADD28 /* main.m in Sources */,
				DB808DEE16C3950A001ADD28 /* AppDelegate.m in Sources */,
				DB808DFA16C3950A001ADD28 /* ViewController.m in Sources */,
				DB808E1B16C39D8D001ADD28 /* Annotation.m in Sources */,
				DB808E2216C5A4EC001ADD28 /* MapViewController.m in Sources */,
				DBF4B66416C638090015A6BD /* CameraOverlay.m in Sources */,
				DBF4B67B16C785980015A6BD /* ARView.m in Sources */,
				DBF4B67E16C785BB0015A6BD /* PlaceOfInterest.m in Sources */,
				DBF4B69416C891F20015A6BD /* UserProfile.m in Sources */,
				DBF4B69716C893020015A6BD /* FavoriteLocation.m in Sources */,
				DBF4B6A616D1C8270015A6BD /* MapPlaceViewController.m in Sources */,
				DBF4B6B316D343670015A6BD /* ProfileView.m in Sources */,
				DBF4B6B816D35EF80015A6BD /* FavoriteLocationView.m in Sources */,
			);
			runOnlyForDeploymentPostprocessing = 0;
		};
/* End PBXSourcesBuildPhase section */

/* Begin PBXVariantGroup section */
		DB808DE616C3950A001ADD28 /* InfoPlist.strings */ = {
			isa = PBXVariantGroup;
			children = (
				DB808DE716C3950A001ADD28 /* en */,
			);
			name = InfoPlist.strings;
			sourceTree = "<group>";
		};
		DB808DF516C3950A001ADD28 /* MainStoryboard.storyboard */ = {
			isa = PBXVariantGroup;
			children = (
				DB808DF616C3950A001ADD28 /* en */,
			);
			name = MainStoryboard.storyboard;
			sourceTree = "<group>";
		};
/* End PBXVariantGroup section */

/* Begin XCBuildConfiguration section */
		DB808DFB16C3950A001ADD28 /* Debug */ = {
			isa = XCBuildConfiguration;
			buildSettings = {
				ALWAYS_SEARCH_USER_PATHS = NO;
				CLANG_CXX_LANGUAGE_STANDARD = "gnu++0x";
				CLANG_CXX_LIBRARY = "libc++";
				CLANG_ENABLE_OBJC_ARC = YES;
				CLANG_WARN_CONSTANT_CONVERSION = YES;
				CLANG_WARN_EMPTY_BODY = YES;
				CLANG_WARN_ENUM_CONVERSION = YES;
				CLANG_WARN_INT_CONVERSION = YES;
				CLANG_WARN__DUPLICATE_METHOD_MATCH = YES;
				"CODE_SIGN_IDENTITY[sdk=iphoneos*]" = "iPhone Developer";
				COPY_PHASE_STRIP = NO;
				GCC_C_LANGUAGE_STANDARD = gnu99;
				GCC_DYNAMIC_NO_PIC = NO;
				GCC_OPTIMIZATION_LEVEL = 0;
				GCC_PREPROCESSOR_DEFINITIONS = (
					"DEBUG=1",
					"$(inherited)",
				);
				GCC_SYMBOLS_PRIVATE_EXTERN = NO;
				GCC_WARN_ABOUT_RETURN_TYPE = YES;
				GCC_WARN_UNINITIALIZED_AUTOS = YES;
				GCC_WARN_UNUSED_VARIABLE = YES;
				IPHONEOS_DEPLOYMENT_TARGET = 6.1;
				ONLY_ACTIVE_ARCH = YES;
				SDKROOT = iphoneos;
			};
			name = Debug;
		};
		DB808DFC16C3950A001ADD28 /* Release */ = {
			isa = XCBuildConfiguration;
			buildSettings = {
				ALWAYS_SEARCH_USER_PATHS = NO;
				CLANG_CXX_LANGUAGE_STANDARD = "gnu++0x";
				CLANG_CXX_LIBRARY = "libc++";
				CLANG_ENABLE_OBJC_ARC = YES;
				CLANG_WARN_CONSTANT_CONVERSION = YES;
				CLANG_WARN_EMPTY_BODY = YES;
				CLANG_WARN_ENUM_CONVERSION = YES;
				CLANG_WARN_INT_CONVERSION = YES;
				CLANG_WARN__DUPLICATE_METHOD_MATCH = YES;
				"CODE_SIGN_IDENTITY[sdk=iphoneos*]" = "iPhone Developer";
				COPY_PHASE_STRIP = YES;
				GCC_C_LANGUAGE_STANDARD = gnu99;
				GCC_WARN_ABOUT_RETURN_TYPE = YES;
				GCC_WARN_UNINITIALIZED_AUTOS = YES;
				GCC_WARN_UNUSED_VARIABLE = YES;
				IPHONEOS_DEPLOYMENT_TARGET = 6.1;
				OTHER_CFLAGS = "-DNS_BLOCK_ASSERTIONS=1";
				SDKROOT = iphoneos;
				VALIDATE_PRODUCT = YES;
			};
			name = Release;
		};
		DB808DFE16C3950A001ADD28 /* Debug */ = {
			isa = XCBuildConfiguration;
			buildSettings = {
				GCC_PRECOMPILE_PREFIX_HEADER = YES;
				GCC_PREFIX_HEADER = "MapFriends/MapFriends-Prefix.pch";
				INFOPLIST_FILE = "MapFriends/MapFriends-Info.plist";
				PRODUCT_NAME = "$(TARGET_NAME)";
				WRAPPER_EXTENSION = app;
			};
			name = Debug;
		};
		DB808DFF16C3950A001ADD28 /* Release */ = {
			isa = XCBuildConfiguration;
			buildSettings = {
				GCC_PRECOMPILE_PREFIX_HEADER = YES;
				GCC_PREFIX_HEADER = "MapFriends/MapFriends-Prefix.pch";
				INFOPLIST_FILE = "MapFriends/MapFriends-Info.plist";
				PRODUCT_NAME = "$(TARGET_NAME)";
				WRAPPER_EXTENSION = app;
			};
			name = Release;
		};
/* End XCBuildConfiguration section */

/* Begin XCConfigurationList section */
		DB808DD516C3950A001ADD28 /* Build configuration list for PBXProject "MapFriends" */ = {
			isa = XCConfigurationList;
			buildConfigurations = (
				DB808DFB16C3950A001ADD28 /* Debug */,
				DB808DFC16C3950A001ADD28 /* Release */,
			);
			defaultConfigurationIsVisible = 0;
			defaultConfigurationName = Release;
		};
		DB808DFD16C3950A001ADD28 /* Build configuration list for PBXNativeTarget "MapFriends" */ = {
			isa = XCConfigurationList;
			buildConfigurations = (
				DB808DFE16C3950A001ADD28 /* Debug */,
				DB808DFF16C3950A001ADD28 /* Release */,
			);
			defaultConfigurationIsVisible = 0;
			defaultConfigurationName = Release;
		};
/* End XCConfigurationList section */
	};
	rootObject = DB808DD216C3950A001ADD28 /* Project object */;
}
